<?xml version="1.0" encoding="utf-8"?>
<Project ToolsVersion="4.0" xmlns="http://schemas.microsoft.com/developer/msbuild/2003">
  <ItemGroup>
    <Filter Include="Source Files">
      <UniqueIdentifier>{4FC737F1-C7A5-4376-A066-2A32D752A2FF}</UniqueIdentifier>
      <Extensions>cpp;c;cc;cxx;c++;cppm;ixx;def;odl;idl;hpj;bat;asm;asmx</Extensions>
    </Filter>
    <Filter Include="Header Files">
      <UniqueIdentifier>{93995380-89BD-4b04-88EB-625FBE52EBFB}</UniqueIdentifier>
      <Extensions>h;hh;hpp;hxx;h++;hm;inl;inc;ipp;xsd</Extensions>
    </Filter>
    <Filter Include="Resource Files">
      <UniqueIdentifier>{67DA6AB6-F800-4c08-8B7A-83BB121AAD01}</UniqueIdentifier>
      <Extensions>rc;ico;cur;bmp;dlg;rc2;rct;bin;rgs;gif;jpg;jpeg;jpe;resx;tiff;tif;png;wav;mfcribbon-ms</Extensions>
    </Filter>
    <Filter Include="Source Files\Engine">
      <UniqueIdentifier>{d16daade-8019-4355-89b7-ed07bf553dae}</UniqueIdentifier>
    </Filter>
    <Filter Include="Source Files\GameObjects">
      <UniqueIdentifier>{4f497cf1-ac76-4053-80f1-a1b9774d2e9a}</UniqueIdentifier>
    </Filter>
    <Filter Include="Header Files\GameObjects">
      <UniqueIdentifier>{e5af893e-ef3e-4b45-8d2f-2053cab4d718}</UniqueIdentifier>
    </Filter>
    <Filter Include="Header Files\Utility">
      <UniqueIdentifier>{4250477e-0fd7-49ec-9775-f9dcb8fef033}</UniqueIdentifier>
    </Filter>
    <Filter Include="Source Files\Utility">
      <UniqueIdentifier>{508151ca-7cc6-4ef0-8b6f-aeac55e4b991}</UniqueIdentifier>
    </Filter>
    <Filter Include="Header Files\Input">
      <UniqueIdentifier>{12bb5067-4cbb-43a9-baae-3b65a5f44fed}</UniqueIdentifier>
    </Filter>
    <Filter Include="Header Files\State">
      <UniqueIdentifier>{88435059-9305-4740-b35c-ea6cf6a077e3}</UniqueIdentifier>
    </Filter>
    <Filter Include="Source Files\State">
      <UniqueIdentifier>{cced579c-74f0-4f23-aef5-f62b91d5aa6f}</UniqueIdentifier>
    </Filter>
    <Filter Include="Header Files\GameObjects\Collision">
      <UniqueIdentifier>{99d4046b-cc28-47f6-adc1-887024d9dd62}</UniqueIdentifier>
    </Filter>
    <Filter Include="Source Files\GameObjects\Collision">
      <UniqueIdentifier>{965ef3a7-2dac-4bf8-8ec1-c7d948bf42ea}</UniqueIdentifier>
    </Filter>
    <Filter Include="Source Files\Engine\Direct2D">
      <UniqueIdentifier>{1e1e6ac7-33d2-4af8-a60d-616bb7251ea2}</UniqueIdentifier>
    </Filter>
    <Filter Include="Header Files\Engine">
      <UniqueIdentifier>{9d2d6a7c-042b-4e8d-81a8-78bb0fd85334}</UniqueIdentifier>
    </Filter>
    <Filter Include="Header Files\Engine\Direct2D">
      <UniqueIdentifier>{7cee228b-9b8e-491c-9e47-9ff09e6b7ef5}</UniqueIdentifier>
    </Filter>
    <Filter Include="Source Files\UI">
      <UniqueIdentifier>{32cb186c-8a34-4ce6-89e6-3fe3093bc051}</UniqueIdentifier>
    </Filter>
    <Filter Include="Source Files\UI\Controls">
      <UniqueIdentifier>{a15481cd-edd5-410a-adeb-263b58359c31}</UniqueIdentifier>
    </Filter>
    <Filter Include="Header Files\UI">
      <UniqueIdentifier>{d9e9eb36-7f9b-4cc8-831e-5bf9030cd058}</UniqueIdentifier>
    </Filter>
    <Filter Include="Header Files\UI\Controls">
      <UniqueIdentifier>{317a4c5e-0261-48bf-bac5-7456100078d7}</UniqueIdentifier>
    </Filter>
  </ItemGroup>
  <ItemGroup>
    <ClInclude Include="Window.h">
      <Filter>Header Files</Filter>
    </ClInclude>
    <ClInclude Include="Macros.h">
      <Filter>Header Files</Filter>
    </ClInclude>
    <ClInclude Include="Game.h">
      <Filter>Header Files</Filter>
    </ClInclude>
    <ClInclude Include="Resource\resource.h">
      <Filter>Resource Files</Filter>
    </ClInclude>
    <ClInclude Include="GameObjects\Snake.h">
      <Filter>Header Files\GameObjects</Filter>
    </ClInclude>
    <ClInclude Include="GameDefinitions.h">
      <Filter>Header Files</Filter>
    </ClInclude>
    <ClInclude Include="Utility\Direct2dUtility.h">
      <Filter>Header Files\Utility</Filter>
    </ClInclude>
    <ClInclude Include="Input\Input.h">
      <Filter>Header Files\Input</Filter>
    </ClInclude>
    <ClInclude Include="State\Playing.h">
      <Filter>Header Files\State</Filter>
    </ClInclude>
    <ClInclude Include="State\IGameState.h">
      <Filter>Header Files\State</Filter>
    </ClInclude>
    <ClInclude Include="State\GameStateMachine.h">
      <Filter>Header Files\State</Filter>
    </ClInclude>
    <ClInclude Include="State\GameOverState.h">
      <Filter>Header Files\State</Filter>
    </ClInclude>
    <ClInclude Include="State\GameStateBase.h">
      <Filter>Header Files\State</Filter>
    </ClInclude>
    <ClInclude Include="State\GameStateType.h">
      <Filter>Header Files\State</Filter>
    </ClInclude>
    <ClInclude Include="GameObjects\PlayArea.h">
      <Filter>Header Files\GameObjects</Filter>
    </ClInclude>
    <ClInclude Include="GameObjects\Food.h">
      <Filter>Header Files\GameObjects</Filter>
    </ClInclude>
    <ClInclude Include="GameObjects\Collision\CollisionDetector.h">
      <Filter>Header Files\GameObjects\Collision</Filter>
    </ClInclude>
    <ClInclude Include="GameObjects\Collision\ICollidable.h">
      <Filter>Header Files\GameObjects\Collision</Filter>
    </ClInclude>
    <ClInclude Include="Input\VirtualKeyCodes.h">
      <Filter>Header Files\Input</Filter>
    </ClInclude>
    <ClInclude Include="GameObjects\GameObjects.h">
      <Filter>Header Files\GameObjects</Filter>
    </ClInclude>
    <ClInclude Include="State\GameStates.h">
      <Filter>Header Files\State</Filter>
    </ClInclude>
    <ClInclude Include="Engine\Direct2D\Direct2dEngine.h">
      <Filter>Header Files\Engine\Direct2D</Filter>
    </ClInclude>
    <ClInclude Include="Engine\Direct2D\Direct2dColour.h">
      <Filter>Header Files\Engine\Direct2D</Filter>
    </ClInclude>
    <ClInclude Include="Engine\Colour.h">
      <Filter>Header Files\Engine</Filter>
    </ClInclude>
    <ClInclude Include="Engine\Coordinate2d.h">
      <Filter>Header Files\Engine</Filter>
    </ClInclude>
    <ClInclude Include="Engine\IDrawable.h">
      <Filter>Header Files\Engine</Filter>
    </ClInclude>
    <ClInclude Include="Engine\IEngine.h">
      <Filter>Header Files\Engine</Filter>
    </ClInclude>
    <ClInclude Include="Engine\Size.h">
      <Filter>Header Files\Engine</Filter>
    </ClInclude>
    <ClInclude Include="State\IStateMachine.h">
      <Filter>Header Files\State</Filter>
    </ClInclude>
    <ClInclude Include="GameObjects\Collision\CollidableBase.h">
      <Filter>Header Files\GameObjects\Collision</Filter>
    </ClInclude>
    <ClInclude Include="Engine\IRender.h">
      <Filter>Header Files\Engine</Filter>
    </ClInclude>
    <ClInclude Include="State\StartMenuState.h">
      <Filter>Header Files\State</Filter>
    </ClInclude>
    <ClInclude Include="UI\Controls\Button.h">
      <Filter>Header Files\UI\Controls</Filter>
    </ClInclude>
    <ClInclude Include="UI\StartMenu.h">
      <Filter>Header Files\UI</Filter>
    </ClInclude>
    <ClInclude Include="UI\Scoreboard.h">
      <Filter>Header Files\UI</Filter>
    </ClInclude>
    <ClInclude Include="UI\Controls\Label.h">
      <Filter>Header Files\UI\Controls</Filter>
    </ClInclude>
    <ClInclude Include="UI\Score.h">
      <Filter>Header Files\UI</Filter>
    </ClInclude>
    <ClInclude Include="Engine\TextAlignment.h">
      <Filter>Header Files\Engine</Filter>
    </ClInclude>
  </ItemGroup>
  <ItemGroup>
    <ClCompile Include="Window.cpp">
      <Filter>Source Files</Filter>
    </ClCompile>
    <ClCompile Include="WinMain.cpp">
      <Filter>Source Files</Filter>
    </ClCompile>
    <ClCompile Include="GameObjects\Snake.cpp">
      <Filter>Source Files\GameObjects</Filter>
    </ClCompile>
    <ClCompile Include="Utility\Direct2dUtility.cpp">
      <Filter>Source Files\Utility</Filter>
    </ClCompile>
    <ClCompile Include="State\Playing.cpp">
      <Filter>Source Files\State</Filter>
    </ClCompile>
    <ClCompile Include="State\GameStateMachine.cpp">
      <Filter>Source Files\State</Filter>
    </ClCompile>
    <ClCompile Include="State\GameStateBase.cpp">
      <Filter>Source Files\State</Filter>
    </ClCompile>
    <ClCompile Include="State\GameOverState.cpp">
      <Filter>Source Files\State</Filter>
    </ClCompile>
    <ClCompile Include="GameObjects\PlayArea.cpp">
      <Filter>Source Files\GameObjects</Filter>
    </ClCompile>
    <ClCompile Include="Game.cpp">
      <Filter>Source Files</Filter>
    </ClCompile>
    <ClCompile Include="GameObjects\Food.cpp">
      <Filter>Source Files\GameObjects</Filter>
    </ClCompile>
    <ClCompile Include="GameObjects\Collision\CollisionDetector.cpp">
      <Filter>Source Files\GameObjects\Collision</Filter>
    </ClCompile>
    <ClCompile Include="Engine\Direct2D\Direct2dColour.cpp">
      <Filter>Source Files\Engine\Direct2D</Filter>
    </ClCompile>
    <ClCompile Include="Engine\Direct2D\Direct2dEngine.cpp">
      <Filter>Source Files\Engine\Direct2D</Filter>
    </ClCompile>
    <ClCompile Include="GameObjects\Collision\CollidableBase.cpp">
      <Filter>Source Files\GameObjects\Collision</Filter>
    </ClCompile>
    <ClCompile Include="State\StartMenuState.cpp">
      <Filter>Source Files\State</Filter>
    </ClCompile>
    <ClCompile Include="UI\Controls\Button.cpp">
      <Filter>Source Files\UI\Controls</Filter>
    </ClCompile>
    <ClCompile Include="UI\StartMenu.cpp">
      <Filter>Source Files\UI</Filter>
    </ClCompile>
    <ClCompile Include="UI\Scoreboard.cpp">
      <Filter>Source Files\UI</Filter>
    </ClCompile>
    <ClCompile Include="UI\Controls\Label.cpp">
      <Filter>Source Files\UI\Controls</Filter>
    </ClCompile>
    <ClCompile Include="UI\Score.cpp">
      <Filter>Source Files\UI</Filter>
    </ClCompile>
  </ItemGroup>
  <ItemGroup>
    <ResourceCompile Include="Resource\GameClient.rc">
      <Filter>Resource Files</Filter>
    </ResourceCompile>
  </ItemGroup>
  <ItemGroup>
    <Image Include="Resource\snake.ico">
      <Filter>Resource Files</Filter>
    </Image>
  </ItemGroup>
</Project>